<?xml version="1.0" encoding="utf-8"?>
<Project ToolsVersion="4.0" xmlns="http://schemas.microsoft.com/developer/msbuild/2003">
  <ItemGroup>
    <Filter Include="Source Files">
      <UniqueIdentifier>{4FC737F1-C7A5-4376-A066-2A32D752A2FF}</UniqueIdentifier>
      <Extensions>cpp;c;cc;cxx;def;odl;idl;hpj;bat;asm;asmx</Extensions>
    </Filter>
    <Filter Include="Header Files">
      <UniqueIdentifier>{93995380-89BD-4b04-88EB-625FBE52EBFB}</UniqueIdentifier>
      <Extensions>h;hh;hpp;hxx;hm;inl;inc;xsd</Extensions>
    </Filter>
  </ItemGroup>
  <ItemGroup>
    <ClInclude Include="decoder.h">
      <Filter>Header Files</Filter>
    </ClInclude>
    <ClInclude Include="entropy_decoder.h">
      <Filter>Header Files</Filter>
    </ClInclude>
    <ClInclude Include="bit_reader.h">
      <Filter>Header Files</Filter>
    </ClInclude>
    <ClInclude Include="syntax_reader.h">
      <Filter>Header Files</Filter>
    </ClInclude>
    <ClInclude Include="cu_decoder.h">
      <Filter>Header Files</Filter>
    </ClInclude>
    <ClInclude Include="xvcdec.h">
      <Filter>Header Files</Filter>
    </ClInclude>
    <ClInclude Include="picture_decoder.h">
      <Filter>Header Files</Filter>
    </ClInclude>
    <ClInclude Include="cu_reader.h">
      <Filter>Header Files</Filter>
    </ClInclude>
    <ClInclude Include="segment_header_reader.h">
      <Filter>Header Files</Filter>
    </ClInclude>
    <ClInclude Include="thread_decoder.h">
      <Filter>Header Files</Filter>
    </ClInclude>
  </ItemGroup>
  <ItemGroup>
    <ClCompile Include="decoder.cc">
      <Filter>Source Files</Filter>
    </ClCompile>
    <ClCompile Include="entropy_decoder.cc">
      <Filter>Source Files</Filter>
    </ClCompile>
    <ClCompile Include="bit_reader.cc">
      <Filter>Source Files</Filter>
    </ClCompile>
    <ClCompile Include="syntax_reader.cc">
      <Filter>Source Files</Filter>
    </ClCompile>
    <ClCompile Include="cu_decoder.cc">
      <Filter>Source Files</Filter>
    </ClCompile>
    <ClCompile Include="xvcdec.cc">
      <Filter>Source Files</Filter>
    </ClCompile>
    <ClCompile Include="picture_decoder.cc">
      <Filter>Source Files</Filter>
    </ClCompile>
    <ClCompile Include="cu_reader.cc">
      <Filter>Source Files</Filter>
    </ClCompile>
    <ClCompile Include="segment_header_reader.cc">
      <Filter>Source Files</Filter>
    </ClCompile>
    <ClCompile Include="thread_decoder.cc">
      <Filter>Source Files</Filter>
    </ClCompile>
  </ItemGroup>
</Project>